
Microsoft Visual Studio Solution File, Format Version 12.00
# Visual Studio Version 16
VisualStudioVersion = 16.0.31025.194
MinimumVisualStudioVersion = 10.0.40219.1
Project("{FAE04EC0-301F-11D3-BF4B-00C04F79EFBC}") = "FinanciasWeb", "FinanciasWeb\FinanciasWeb.csproj", "{FDB6C45B-17A6-4FE4-ABC0-757055CF4825}"
EndProject
Project("{FAE04EC0-301F-11D3-BF4B-00C04F79EFBC}") = "FinanciasWeb.Repository", "FinanciasWeb.Repository\FinanciasWeb.Repository.csproj", "{AE5E4438-5C77-4F6B-A349-6CD4DB4D1F5F}"
EndProject
Project("{FAE04EC0-301F-11D3-BF4B-00C04F79EFBC}") = "FinanciasWeb.Domain", "FinanciasWeb.Domain\FinanciasWeb.Domain.csproj", "{ADE83BE0-8632-402C-A5B3-3ED33BB07932}"
EndProject
Global
	GlobalSection(SolutionConfigurationPlatforms) = preSolution
		Debug|Any CPU = Debug|Any CPU
		Release|Any CPU = Release|Any CPU
	EndGlobalSection
	GlobalSection(ProjectConfigurationPlatforms) = postSolution
		{FDB6C45B-17A6-4FE4-ABC0-757055CF4825}.Debug|Any CPU.ActiveCfg = Debug|Any CPU
		{FDB6C45B-17A6-4FE4-ABC0-757055CF4825}.Debug|Any CPU.Build.0 = Debug|Any CPU
		{FDB6C45B-17A6-4FE4-ABC0-757055CF4825}.Release|Any CPU.ActiveCfg = Release|Any CPU
		{FDB6C45B-17A6-4FE4-ABC0-757055CF4825}.Release|Any CPU.Build.0 = Release|Any CPU
		{AE5E4438-5C77-4F6B-A349-6CD4DB4D1F5F}.Debug|Any CPU.ActiveCfg = Debug|Any CPU
		{AE5E4438-5C77-4F6B-A349-6CD4DB4D1F5F}.Debug|Any CPU.Build.0 = Debug|Any CPU
		{AE5E4438-5C77-4F6B-A349-6CD4DB4D1F5F}.Release|Any CPU.ActiveCfg = Release|Any CPU
		{AE5E4438-5C77-4F6B-A349-6CD4DB4D1F5F}.Release|Any CPU.Build.0 = Release|Any CPU
		{ADE83BE0-8632-402C-A5B3-3ED33BB07932}.Debug|Any CPU.ActiveCfg = Debug|Any CPU
		{ADE83BE0-8632-402C-A5B3-3ED33BB07932}.Debug|Any CPU.Build.0 = Debug|Any CPU
		{ADE83BE0-8632-402C-A5B3-3ED33BB07932}.Release|Any CPU.ActiveCfg = Release|Any CPU
		{ADE83BE0-8632-402C-A5B3-3ED33BB07932}.Release|Any CPU.Build.0 = Release|Any CPU
	EndGlobalSection
	GlobalSection(SolutionProperties) = preSolution
		HideSolutionNode = FALSE
	EndGlobalSection
	GlobalSection(ExtensibilityGlobals) = postSolution
		SolutionGuid = {3AEA8506-5F46-4565-8E8A-957A80B20432}
	EndGlobalSection
EndGlobal
